
Microsoft Visual Studio Solution File, Format Version 12.00
# Visual Studio Version 16
VisualStudioVersion = 16.0.30011.22
MinimumVisualStudioVersion = 10.0.40219.1
Project("{FAE04EC0-301F-11D3-BF4B-00C04F79EFBC}") = "RefWeb", "RefWeb\RefWeb.csproj", "{9A0DA9E7-8911-4341-BA45-F7F69D8356DF}"
EndProject
Global
	GlobalSection(SolutionConfigurationPlatforms) = preSolution
		Debug|Any CPU = Debug|Any CPU
		Release|Any CPU = Release|Any CPU
	EndGlobalSection
	GlobalSection(ProjectConfigurationPlatforms) = postSolution
		{9A0DA9E7-8911-4341-BA45-F7F69D8356DF}.Debug|Any CPU.ActiveCfg = Debug|Any CPU
		{9A0DA9E7-8911-4341-BA45-F7F69D8356DF}.Debug|Any CPU.Build.0 = Debug|Any CPU
		{9A0DA9E7-8911-4341-BA45-F7F69D8356DF}.Release|Any CPU.ActiveCfg = Release|Any CPU
		{9A0DA9E7-8911-4341-BA45-F7F69D8356DF}.Release|Any CPU.Build.0 = Release|Any CPU
	EndGlobalSection
	GlobalSection(SolutionProperties) = preSolution
		HideSolutionNode = FALSE
	EndGlobalSection
	GlobalSection(ExtensibilityGlobals) = postSolution
		SolutionGuid = {DBA56549-B4B9-4875-ABB1-25F07E0E96C1}
	EndGlobalSection
EndGlobal
